
Microsoft Visual Studio Solution File, Format Version 12.00
# Visual Studio Version 16
VisualStudioVersion = 16.0.33130.400
MinimumVisualStudioVersion = 10.0.40219.1
Project("{FAE04EC0-301F-11D3-BF4B-00C04F79EFBC}") = "ders14_dll", "ders14_dll\ders14_dll.csproj", "{DE467174-F28F-4EBF-B138-A06DE2AE65D2}"
EndProject
Global
	GlobalSection(SolutionConfigurationPlatforms) = preSolution
		Debug|Any CPU = Debug|Any CPU
		Release|Any CPU = Release|Any CPU
	EndGlobalSection
	GlobalSection(ProjectConfigurationPlatforms) = postSolution
		{DE467174-F28F-4EBF-B138-A06DE2AE65D2}.Debug|Any CPU.ActiveCfg = Debug|Any CPU
		{DE467174-F28F-4EBF-B138-A06DE2AE65D2}.Debug|Any CPU.Build.0 = Debug|Any CPU
		{DE467174-F28F-4EBF-B138-A06DE2AE65D2}.Release|Any CPU.ActiveCfg = Release|Any CPU
		{DE467174-F28F-4EBF-B138-A06DE2AE65D2}.Release|Any CPU.Build.0 = Release|Any CPU
	EndGlobalSection
	GlobalSection(SolutionProperties) = preSolution
		HideSolutionNode = FALSE
	EndGlobalSection
	GlobalSection(ExtensibilityGlobals) = postSolution
		SolutionGuid = {272E2EDA-E3DA-42B8-97CA-5E60867CA663}
	EndGlobalSection
EndGlobal
